
Microsoft Visual Studio Solution File, Format Version 12.00
# Visual Studio Version 16
VisualStudioVersion = 16.0.30804.86
MinimumVisualStudioVersion = 10.0.40219.1
Project("{FAE04EC0-301F-11D3-BF4B-00C04F79EFBC}") = "csvCuter", "csvCuter\csvCuter.csproj", "{06D4C3A5-566F-4ED9-A02C-694C61DA9E94}"
EndProject
Global
	GlobalSection(SolutionConfigurationPlatforms) = preSolution
		Debug|Any CPU = Debug|Any CPU
		Release|Any CPU = Release|Any CPU
	EndGlobalSection
	GlobalSection(ProjectConfigurationPlatforms) = postSolution
		{06D4C3A5-566F-4ED9-A02C-694C61DA9E94}.Debug|Any CPU.ActiveCfg = Debug|Any CPU
		{06D4C3A5-566F-4ED9-A02C-694C61DA9E94}.Debug|Any CPU.Build.0 = Debug|Any CPU
		{06D4C3A5-566F-4ED9-A02C-694C61DA9E94}.Release|Any CPU.ActiveCfg = Release|Any CPU
		{06D4C3A5-566F-4ED9-A02C-694C61DA9E94}.Release|Any CPU.Build.0 = Release|Any CPU
	EndGlobalSection
	GlobalSection(SolutionProperties) = preSolution
		HideSolutionNode = FALSE
	EndGlobalSection
	GlobalSection(ExtensibilityGlobals) = postSolution
		SolutionGuid = {4981B21F-292A-43E7-9E3A-3E52CCCC4D4E}
	EndGlobalSection
EndGlobal
